{
  "version": 4,
  "terraform_version": "1.6.2",
  "serial": 545,
  "lineage": "b2cb51b8-5a66-a2d2-44bf-39e2cd96afcc",
  "outputs": {},
  "resources": [
    {
      "mode": "managed",
      "type": "openstack_compute_instance_v2",
      "name": "instances_on_all_regions",
      "provider": "provider[\"registry.terraform.io/terraform-provider-openstack/openstack\"]",
      "instances": [
        {
          "index_key": 0,
          "schema_version": 0,
          "attributes": {
            "access_ip_v4": "40.160.4.64",
            "access_ip_v6": "[2604:2dc0:101:100::64b]",
            "admin_pass": null,
            "all_metadata": {},
            "all_tags": [],
            "availability_zone": "nova",
            "availability_zone_hints": null,
            "block_device": [],
            "config_drive": null,
            "flavor_id": "9802d615-a353-4668-b581-7b2bdedbf54c",
            "flavor_name": "d2-8",
            "floating_ip": null,
            "force_delete": false,
            "id": "2dd8c6f4-752a-4b2a-b3f9-31bd5668ee0a",
            "image_id": "b5956725-6db3-4d62-8703-6d5af5ad3df2",
            "image_name": "Debian 10 - Docker",
            "key_pair": "test_keypair_all",
            "metadata": null,
            "name": "living-marmot",
            "network": [
              {
                "access_network": false,
                "fixed_ip_v4": "40.160.4.64",
                "fixed_ip_v6": "[2604:2dc0:101:100::64b]",
                "floating_ip": "",
                "mac": "fa:16:3e:9f:e4:6b",
                "name": "Ext-Net",
                "port": "",
                "uuid": "b347ed75-8603-4ce0-a40c-c6c98a8820fc"
              }
            ],
            "network_mode": null,
            "personality": [],
            "power_state": "active",
            "region": "US-EAST-VA-1",
            "scheduler_hints": [],
            "security_groups": [
              "default"
            ],
            "stop_before_destroy": false,
            "tags": null,
            "timeouts": null,
            "user_data": null,
            "vendor_options": [],
            "volume": []
          },
          "sensitive_attributes": [],
          "private": "eyJlMmJmYjczMC1lY2FhLTExZTYtOGY4OC0zNDM2M2JjN2M0YzAiOnsiY3JlYXRlIjoxODAwMDAwMDAwMDAwLCJkZWxldGUiOjE4MDAwMDAwMDAwMDAsInVwZGF0ZSI6MTgwMDAwMDAwMDAwMH19",
          "dependencies": [
            "openstack_compute_keypair_v2.test_keypair_all",
            "random_pet.vm_name"
          ]
        },
        {
          "index_key": 1,
          "schema_version": 0,
          "attributes": {
            "access_ip_v4": "15.204.79.70",
            "access_ip_v6": "[2604:2dc0:202:200::7c5]",
            "admin_pass": null,
            "all_metadata": {},
            "all_tags": [],
            "availability_zone": "nova",
            "availability_zone_hints": null,
            "block_device": [],
            "config_drive": null,
            "flavor_id": "935f8fd3-701a-4d5d-9581-89b659a74878",
            "flavor_name": "d2-8",
            "floating_ip": null,
            "force_delete": false,
            "id": "ffd149b7-3ffa-499b-a989-936258deb338",
            "image_id": "3d7a509f-fb3d-45da-9127-a0222fb129b2",
            "image_name": "Debian 10 - Docker",
            "key_pair": "test_keypair_all",
            "metadata": null,
            "name": "legible-lacewing",
            "network": [
              {
                "access_network": false,
                "fixed_ip_v4": "15.204.79.70",
                "fixed_ip_v6": "[2604:2dc0:202:200::7c5]",
                "floating_ip": "",
                "mac": "fa:16:3e:8e:9c:c8",
                "name": "Ext-Net",
                "port": "",
                "uuid": "9fb20ca2-e0ff-41f5-a33c-eb3993f2bc14"
              }
            ],
            "network_mode": null,
            "personality": [],
            "power_state": "active",
            "region": "US-WEST-OR-1",
            "scheduler_hints": [],
            "security_groups": [
              "default"
            ],
            "stop_before_destroy": false,
            "tags": null,
            "timeouts": null,
            "user_data": null,
            "vendor_options": [],
            "volume": []
          },
          "sensitive_attributes": [],
          "private": "eyJlMmJmYjczMC1lY2FhLTExZTYtOGY4OC0zNDM2M2JjN2M0YzAiOnsiY3JlYXRlIjoxODAwMDAwMDAwMDAwLCJkZWxldGUiOjE4MDAwMDAwMDAwMDAsInVwZGF0ZSI6MTgwMDAwMDAwMDAwMH19",
          "dependencies": [
            "openstack_compute_keypair_v2.test_keypair_all",
            "random_pet.vm_name"
          ]
        },
        {
          "index_key": 2,
          "schema_version": 0,
          "attributes": {
            "access_ip_v4": "40.160.4.119",
            "access_ip_v6": "[2604:2dc0:101:100::d6d]",
            "admin_pass": null,
            "all_metadata": {},
            "all_tags": [],
            "availability_zone": "nova",
            "availability_zone_hints": null,
            "block_device": [],
            "config_drive": null,
            "flavor_id": "9802d615-a353-4668-b581-7b2bdedbf54c",
            "flavor_name": "d2-8",
            "floating_ip": null,
            "force_delete": false,
            "id": "43720eb8-3e16-42e2-84da-cd56839dad92",
            "image_id": "b5956725-6db3-4d62-8703-6d5af5ad3df2",
            "image_name": "Debian 10 - Docker",
            "key_pair": "test_keypair_all",
            "metadata": null,
            "name": "correct-chimp",
            "network": [
              {
                "access_network": false,
                "fixed_ip_v4": "40.160.4.119",
                "fixed_ip_v6": "[2604:2dc0:101:100::d6d]",
                "floating_ip": "",
                "mac": "fa:16:3e:4b:60:88",
                "name": "Ext-Net",
                "port": "",
                "uuid": "b347ed75-8603-4ce0-a40c-c6c98a8820fc"
              }
            ],
            "network_mode": null,
            "personality": [],
            "power_state": "active",
            "region": "US-EAST-VA-1",
            "scheduler_hints": [],
            "security_groups": [
              "default"
            ],
            "stop_before_destroy": false,
            "tags": null,
            "timeouts": null,
            "user_data": null,
            "vendor_options": [],
            "volume": []
          },
          "sensitive_attributes": [],
          "private": "eyJlMmJmYjczMC1lY2FhLTExZTYtOGY4OC0zNDM2M2JjN2M0YzAiOnsiY3JlYXRlIjoxODAwMDAwMDAwMDAwLCJkZWxldGUiOjE4MDAwMDAwMDAwMDAsInVwZGF0ZSI6MTgwMDAwMDAwMDAwMH19",
          "dependencies": [
            "openstack_compute_keypair_v2.test_keypair_all",
            "random_pet.vm_name"
          ]
        },
        {
          "index_key": 3,
          "schema_version": 0,
          "attributes": {
            "access_ip_v4": "15.204.78.191",
            "access_ip_v6": "[2604:2dc0:202:200::b4d]",
            "admin_pass": null,
            "all_metadata": {},
            "all_tags": [],
            "availability_zone": "nova",
            "availability_zone_hints": null,
            "block_device": [],
            "config_drive": null,
            "flavor_id": "935f8fd3-701a-4d5d-9581-89b659a74878",
            "flavor_name": "d2-8",
            "floating_ip": null,
            "force_delete": false,
            "id": "776992a4-5c25-4111-86df-dfd7bb15c635",
            "image_id": "3d7a509f-fb3d-45da-9127-a0222fb129b2",
            "image_name": "Debian 10 - Docker",
            "key_pair": "test_keypair_all",
            "metadata": null,
            "name": "aware-mongrel",
            "network": [
              {
                "access_network": false,
                "fixed_ip_v4": "15.204.78.191",
                "fixed_ip_v6": "[2604:2dc0:202:200::b4d]",
                "floating_ip": "",
                "mac": "fa:16:3e:1c:96:47",
                "name": "Ext-Net",
                "port": "",
                "uuid": "9fb20ca2-e0ff-41f5-a33c-eb3993f2bc14"
              }
            ],
            "network_mode": null,
            "personality": [],
            "power_state": "active",
            "region": "US-WEST-OR-1",
            "scheduler_hints": [],
            "security_groups": [
              "default"
            ],
            "stop_before_destroy": false,
            "tags": null,
            "timeouts": null,
            "user_data": null,
            "vendor_options": [],
            "volume": []
          },
          "sensitive_attributes": [],
          "private": "eyJlMmJmYjczMC1lY2FhLTExZTYtOGY4OC0zNDM2M2JjN2M0YzAiOnsiY3JlYXRlIjoxODAwMDAwMDAwMDAwLCJkZWxldGUiOjE4MDAwMDAwMDAwMDAsInVwZGF0ZSI6MTgwMDAwMDAwMDAwMH19",
          "dependencies": [
            "openstack_compute_keypair_v2.test_keypair_all",
            "random_pet.vm_name"
          ]
        },
        {
          "index_key": 4,
          "schema_version": 0,
          "attributes": {
            "access_ip_v4": "40.160.5.57",
            "access_ip_v6": "[2604:2dc0:101:100::afe]",
            "admin_pass": null,
            "all_metadata": {},
            "all_tags": [],
            "availability_zone": "nova",
            "availability_zone_hints": null,
            "block_device": [],
            "config_drive": null,
            "flavor_id": "9802d615-a353-4668-b581-7b2bdedbf54c",
            "flavor_name": "d2-8",
            "floating_ip": null,
            "force_delete": false,
            "id": "0f0c6867-856e-4caa-8171-099ed1a2b895",
            "image_id": "b5956725-6db3-4d62-8703-6d5af5ad3df2",
            "image_name": "Debian 10 - Docker",
            "key_pair": "test_keypair_all",
            "metadata": null,
            "name": "intense-killdeer",
            "network": [
              {
                "access_network": false,
                "fixed_ip_v4": "40.160.5.57",
                "fixed_ip_v6": "[2604:2dc0:101:100::afe]",
                "floating_ip": "",
                "mac": "fa:16:3e:20:c2:68",
                "name": "Ext-Net",
                "port": "",
                "uuid": "b347ed75-8603-4ce0-a40c-c6c98a8820fc"
              }
            ],
            "network_mode": null,
            "personality": [],
            "power_state": "active",
            "region": "US-EAST-VA-1",
            "scheduler_hints": [],
            "security_groups": [
              "default"
            ],
            "stop_before_destroy": false,
            "tags": null,
            "timeouts": null,
            "user_data": null,
            "vendor_options": [],
            "volume": []
          },
          "sensitive_attributes": [],
          "private": "eyJlMmJmYjczMC1lY2FhLTExZTYtOGY4OC0zNDM2M2JjN2M0YzAiOnsiY3JlYXRlIjoxODAwMDAwMDAwMDAwLCJkZWxldGUiOjE4MDAwMDAwMDAwMDAsInVwZGF0ZSI6MTgwMDAwMDAwMDAwMH19",
          "dependencies": [
            "openstack_compute_keypair_v2.test_keypair_all",
            "random_pet.vm_name"
          ]
        },
        {
          "index_key": 5,
          "schema_version": 0,
          "attributes": {
            "access_ip_v4": "15.204.78.86",
            "access_ip_v6": "[2604:2dc0:202:200::63e]",
            "admin_pass": null,
            "all_metadata": {},
            "all_tags": [],
            "availability_zone": "nova",
            "availability_zone_hints": null,
            "block_device": [],
            "config_drive": null,
            "flavor_id": "935f8fd3-701a-4d5d-9581-89b659a74878",
            "flavor_name": "d2-8",
            "floating_ip": null,
            "force_delete": false,
            "id": "8b94268d-8d38-4e83-91ee-e90cf343778d",
            "image_id": "3d7a509f-fb3d-45da-9127-a0222fb129b2",
            "image_name": "Debian 10 - Docker",
            "key_pair": "test_keypair_all",
            "metadata": null,
            "name": "touched-pony",
            "network": [
              {
                "access_network": false,
                "fixed_ip_v4": "15.204.78.86",
                "fixed_ip_v6": "[2604:2dc0:202:200::63e]",
                "floating_ip": "",
                "mac": "fa:16:3e:89:8f:6a",
                "name": "Ext-Net",
                "port": "",
                "uuid": "9fb20ca2-e0ff-41f5-a33c-eb3993f2bc14"
              }
            ],
            "network_mode": null,
            "personality": [],
            "power_state": "active",
            "region": "US-WEST-OR-1",
            "scheduler_hints": [],
            "security_groups": [
              "default"
            ],
            "stop_before_destroy": false,
            "tags": null,
            "timeouts": null,
            "user_data": null,
            "vendor_options": [],
            "volume": []
          },
          "sensitive_attributes": [],
          "private": "eyJlMmJmYjczMC1lY2FhLTExZTYtOGY4OC0zNDM2M2JjN2M0YzAiOnsiY3JlYXRlIjoxODAwMDAwMDAwMDAwLCJkZWxldGUiOjE4MDAwMDAwMDAwMDAsInVwZGF0ZSI6MTgwMDAwMDAwMDAwMH19",
          "dependencies": [
            "openstack_compute_keypair_v2.test_keypair_all",
            "random_pet.vm_name"
          ]
        },
        {
          "index_key": 6,
          "schema_version": 0,
          "attributes": {
            "access_ip_v4": "40.160.4.211",
            "access_ip_v6": "[2604:2dc0:101:100::f70]",
            "admin_pass": null,
            "all_metadata": {},
            "all_tags": [],
            "availability_zone": "nova",
            "availability_zone_hints": null,
            "block_device": [],
            "config_drive": null,
            "flavor_id": "9802d615-a353-4668-b581-7b2bdedbf54c",
            "flavor_name": "d2-8",
            "floating_ip": null,
            "force_delete": false,
            "id": "211a87c3-e11e-4706-bdaa-612a38c2a464",
            "image_id": "b5956725-6db3-4d62-8703-6d5af5ad3df2",
            "image_name": "Debian 10 - Docker",
            "key_pair": "test_keypair_all",
            "metadata": null,
            "name": "ethical-dove",
            "network": [
              {
                "access_network": false,
                "fixed_ip_v4": "40.160.4.211",
                "fixed_ip_v6": "[2604:2dc0:101:100::f70]",
                "floating_ip": "",
                "mac": "fa:16:3e:a6:fa:c4",
                "name": "Ext-Net",
                "port": "",
                "uuid": "b347ed75-8603-4ce0-a40c-c6c98a8820fc"
              }
            ],
            "network_mode": null,
            "personality": [],
            "power_state": "active",
            "region": "US-EAST-VA-1",
            "scheduler_hints": [],
            "security_groups": [
              "default"
            ],
            "stop_before_destroy": false,
            "tags": null,
            "timeouts": null,
            "user_data": null,
            "vendor_options": [],
            "volume": []
          },
          "sensitive_attributes": [],
          "private": "eyJlMmJmYjczMC1lY2FhLTExZTYtOGY4OC0zNDM2M2JjN2M0YzAiOnsiY3JlYXRlIjoxODAwMDAwMDAwMDAwLCJkZWxldGUiOjE4MDAwMDAwMDAwMDAsInVwZGF0ZSI6MTgwMDAwMDAwMDAwMH19",
          "dependencies": [
            "openstack_compute_keypair_v2.test_keypair_all",
            "random_pet.vm_name"
          ]
        },
        {
          "index_key": 7,
          "schema_version": 0,
          "attributes": {
            "access_ip_v4": "15.204.72.122",
            "access_ip_v6": "[2604:2dc0:202:200::aa]",
            "admin_pass": null,
            "all_metadata": {},
            "all_tags": [],
            "availability_zone": "nova",
            "availability_zone_hints": null,
            "block_device": [],
            "config_drive": null,
            "flavor_id": "935f8fd3-701a-4d5d-9581-89b659a74878",
            "flavor_name": "d2-8",
            "floating_ip": null,
            "force_delete": false,
            "id": "7b6f28af-a0dc-49d8-b3cb-38961d1b4e96",
            "image_id": "3d7a509f-fb3d-45da-9127-a0222fb129b2",
            "image_name": "Debian 10 - Docker",
            "key_pair": "test_keypair_all",
            "metadata": null,
            "name": "supreme-bat",
            "network": [
              {
                "access_network": false,
                "fixed_ip_v4": "15.204.72.122",
                "fixed_ip_v6": "[2604:2dc0:202:200::aa]",
                "floating_ip": "",
                "mac": "fa:16:3e:bb:d2:1d",
                "name": "Ext-Net",
                "port": "",
                "uuid": "9fb20ca2-e0ff-41f5-a33c-eb3993f2bc14"
              }
            ],
            "network_mode": null,
            "personality": [],
            "power_state": "active",
            "region": "US-WEST-OR-1",
            "scheduler_hints": [],
            "security_groups": [
              "default"
            ],
            "stop_before_destroy": false,
            "tags": null,
            "timeouts": null,
            "user_data": null,
            "vendor_options": [],
            "volume": []
          },
          "sensitive_attributes": [],
          "private": "eyJlMmJmYjczMC1lY2FhLTExZTYtOGY4OC0zNDM2M2JjN2M0YzAiOnsiY3JlYXRlIjoxODAwMDAwMDAwMDAwLCJkZWxldGUiOjE4MDAwMDAwMDAwMDAsInVwZGF0ZSI6MTgwMDAwMDAwMDAwMH19",
          "dependencies": [
            "openstack_compute_keypair_v2.test_keypair_all",
            "random_pet.vm_name"
          ]
        },
        {
          "index_key": 8,
          "schema_version": 0,
          "attributes": {
            "access_ip_v4": "40.160.4.105",
            "access_ip_v6": "[2604:2dc0:101:100::f75]",
            "admin_pass": null,
            "all_metadata": {},
            "all_tags": [],
            "availability_zone": "nova",
            "availability_zone_hints": null,
            "block_device": [],
            "config_drive": null,
            "flavor_id": "9802d615-a353-4668-b581-7b2bdedbf54c",
            "flavor_name": "d2-8",
            "floating_ip": null,
            "force_delete": false,
            "id": "fcd800cf-4a24-4d78-a34e-2b82f4a7a781",
            "image_id": "b5956725-6db3-4d62-8703-6d5af5ad3df2",
            "image_name": "Debian 10 - Docker",
            "key_pair": "test_keypair_all",
            "metadata": null,
            "name": "still-egret",
            "network": [
              {
                "access_network": false,
                "fixed_ip_v4": "40.160.4.105",
                "fixed_ip_v6": "[2604:2dc0:101:100::f75]",
                "floating_ip": "",
                "mac": "fa:16:3e:e3:47:a0",
                "name": "Ext-Net",
                "port": "",
                "uuid": "b347ed75-8603-4ce0-a40c-c6c98a8820fc"
              }
            ],
            "network_mode": null,
            "personality": [],
            "power_state": "active",
            "region": "US-EAST-VA-1",
            "scheduler_hints": [],
            "security_groups": [
              "default"
            ],
            "stop_before_destroy": false,
            "tags": null,
            "timeouts": null,
            "user_data": null,
            "vendor_options": [],
            "volume": []
          },
          "sensitive_attributes": [],
          "private": "eyJlMmJmYjczMC1lY2FhLTExZTYtOGY4OC0zNDM2M2JjN2M0YzAiOnsiY3JlYXRlIjoxODAwMDAwMDAwMDAwLCJkZWxldGUiOjE4MDAwMDAwMDAwMDAsInVwZGF0ZSI6MTgwMDAwMDAwMDAwMH19",
          "dependencies": [
            "openstack_compute_keypair_v2.test_keypair_all",
            "random_pet.vm_name"
          ]
        },
        {
          "index_key": 9,
          "schema_version": 0,
          "attributes": {
            "access_ip_v4": "15.204.72.150",
            "access_ip_v6": "[2604:2dc0:202:200::4a8]",
            "admin_pass": null,
            "all_metadata": {},
            "all_tags": [],
            "availability_zone": "nova",
            "availability_zone_hints": null,
            "block_device": [],
            "config_drive": null,
            "flavor_id": "935f8fd3-701a-4d5d-9581-89b659a74878",
            "flavor_name": "d2-8",
            "floating_ip": null,
            "force_delete": false,
            "id": "cca6d52d-e8cb-4efe-926f-d54024250247",
            "image_id": "3d7a509f-fb3d-45da-9127-a0222fb129b2",
            "image_name": "Debian 10 - Docker",
            "key_pair": "test_keypair_all",
            "metadata": null,
            "name": "clever-raccoon",
            "network": [
              {
                "access_network": false,
                "fixed_ip_v4": "15.204.72.150",
                "fixed_ip_v6": "[2604:2dc0:202:200::4a8]",
                "floating_ip": "",
                "mac": "fa:16:3e:0b:e1:05",
                "name": "Ext-Net",
                "port": "",
                "uuid": "9fb20ca2-e0ff-41f5-a33c-eb3993f2bc14"
              }
            ],
            "network_mode": null,
            "personality": [],
            "power_state": "active",
            "region": "US-WEST-OR-1",
            "scheduler_hints": [],
            "security_groups": [
              "default"
            ],
            "stop_before_destroy": false,
            "tags": null,
            "timeouts": null,
            "user_data": null,
            "vendor_options": [],
            "volume": []
          },
          "sensitive_attributes": [],
          "private": "eyJlMmJmYjczMC1lY2FhLTExZTYtOGY4OC0zNDM2M2JjN2M0YzAiOnsiY3JlYXRlIjoxODAwMDAwMDAwMDAwLCJkZWxldGUiOjE4MDAwMDAwMDAwMDAsInVwZGF0ZSI6MTgwMDAwMDAwMDAwMH19",
          "dependencies": [
            "openstack_compute_keypair_v2.test_keypair_all",
            "random_pet.vm_name"
          ]
        },
        {
          "index_key": 10,
          "schema_version": 0,
          "attributes": {
            "access_ip_v4": "40.160.5.127",
            "access_ip_v6": "[2604:2dc0:101:100::df3]",
            "admin_pass": null,
            "all_metadata": {},
            "all_tags": [],
            "availability_zone": "nova",
            "availability_zone_hints": null,
            "block_device": [],
            "config_drive": null,
            "flavor_id": "9802d615-a353-4668-b581-7b2bdedbf54c",
            "flavor_name": "d2-8",
            "floating_ip": null,
            "force_delete": false,
            "id": "03b15e66-fed7-4b55-bd82-2df8d663e9ed",
            "image_id": "b5956725-6db3-4d62-8703-6d5af5ad3df2",
            "image_name": "Debian 10 - Docker",
            "key_pair": "test_keypair_all",
            "metadata": null,
            "name": "current-pigeon",
            "network": [
              {
                "access_network": false,
                "fixed_ip_v4": "40.160.5.127",
                "fixed_ip_v6": "[2604:2dc0:101:100::df3]",
                "floating_ip": "",
                "mac": "fa:16:3e:5c:b0:67",
                "name": "Ext-Net",
                "port": "",
                "uuid": "b347ed75-8603-4ce0-a40c-c6c98a8820fc"
              }
            ],
            "network_mode": null,
            "personality": [],
            "power_state": "active",
            "region": "US-EAST-VA-1",
            "scheduler_hints": [],
            "security_groups": [
              "default"
            ],
            "stop_before_destroy": false,
            "tags": null,
            "timeouts": null,
            "user_data": null,
            "vendor_options": [],
            "volume": []
          },
          "sensitive_attributes": [],
          "private": "eyJlMmJmYjczMC1lY2FhLTExZTYtOGY4OC0zNDM2M2JjN2M0YzAiOnsiY3JlYXRlIjoxODAwMDAwMDAwMDAwLCJkZWxldGUiOjE4MDAwMDAwMDAwMDAsInVwZGF0ZSI6MTgwMDAwMDAwMDAwMH19",
          "dependencies": [
            "openstack_compute_keypair_v2.test_keypair_all",
            "random_pet.vm_name"
          ]
        },
        {
          "index_key": 11,
          "schema_version": 0,
          "attributes": {
            "access_ip_v4": "15.204.75.237",
            "access_ip_v6": "[2604:2dc0:202:200::b29]",
            "admin_pass": null,
            "all_metadata": {},
            "all_tags": [],
            "availability_zone": "nova",
            "availability_zone_hints": null,
            "block_device": [],
            "config_drive": null,
            "flavor_id": "935f8fd3-701a-4d5d-9581-89b659a74878",
            "flavor_name": "d2-8",
            "floating_ip": null,
            "force_delete": false,
            "id": "2e06e64e-2df5-451e-9eff-663f0c06ba49",
            "image_id": "3d7a509f-fb3d-45da-9127-a0222fb129b2",
            "image_name": "Debian 10 - Docker",
            "key_pair": "test_keypair_all",
            "metadata": null,
            "name": "grateful-mudfish",
            "network": [
              {
                "access_network": false,
                "fixed_ip_v4": "15.204.75.237",
                "fixed_ip_v6": "[2604:2dc0:202:200::b29]",
                "floating_ip": "",
                "mac": "fa:16:3e:7a:2d:e5",
                "name": "Ext-Net",
                "port": "",
                "uuid": "9fb20ca2-e0ff-41f5-a33c-eb3993f2bc14"
              }
            ],
            "network_mode": null,
            "personality": [],
            "power_state": "active",
            "region": "US-WEST-OR-1",
            "scheduler_hints": [],
            "security_groups": [
              "default"
            ],
            "stop_before_destroy": false,
            "tags": null,
            "timeouts": null,
            "user_data": null,
            "vendor_options": [],
            "volume": []
          },
          "sensitive_attributes": [],
          "private": "eyJlMmJmYjczMC1lY2FhLTExZTYtOGY4OC0zNDM2M2JjN2M0YzAiOnsiY3JlYXRlIjoxODAwMDAwMDAwMDAwLCJkZWxldGUiOjE4MDAwMDAwMDAwMDAsInVwZGF0ZSI6MTgwMDAwMDAwMDAwMH19",
          "dependencies": [
            "openstack_compute_keypair_v2.test_keypair_all",
            "random_pet.vm_name"
          ]
        },
        {
          "index_key": 12,
          "schema_version": 0,
          "attributes": {
            "access_ip_v4": "40.160.5.76",
            "access_ip_v6": "[2604:2dc0:101:100::926]",
            "admin_pass": null,
            "all_metadata": {},
            "all_tags": [],
            "availability_zone": "nova",
            "availability_zone_hints": null,
            "block_device": [],
            "config_drive": null,
            "flavor_id": "9802d615-a353-4668-b581-7b2bdedbf54c",
            "flavor_name": "d2-8",
            "floating_ip": null,
            "force_delete": false,
            "id": "5e4a54ab-743d-4603-bfec-a33608613bc1",
            "image_id": "b5956725-6db3-4d62-8703-6d5af5ad3df2",
            "image_name": "Debian 10 - Docker",
            "key_pair": "test_keypair_all",
            "metadata": null,
            "name": "intense-bass",
            "network": [
              {
                "access_network": false,
                "fixed_ip_v4": "40.160.5.76",
                "fixed_ip_v6": "[2604:2dc0:101:100::926]",
                "floating_ip": "",
                "mac": "fa:16:3e:8a:89:e8",
                "name": "Ext-Net",
                "port": "",
                "uuid": "b347ed75-8603-4ce0-a40c-c6c98a8820fc"
              }
            ],
            "network_mode": null,
            "personality": [],
            "power_state": "active",
            "region": "US-EAST-VA-1",
            "scheduler_hints": [],
            "security_groups": [
              "default"
            ],
            "stop_before_destroy": false,
            "tags": null,
            "timeouts": null,
            "user_data": null,
            "vendor_options": [],
            "volume": []
          },
          "sensitive_attributes": [],
          "private": "eyJlMmJmYjczMC1lY2FhLTExZTYtOGY4OC0zNDM2M2JjN2M0YzAiOnsiY3JlYXRlIjoxODAwMDAwMDAwMDAwLCJkZWxldGUiOjE4MDAwMDAwMDAwMDAsInVwZGF0ZSI6MTgwMDAwMDAwMDAwMH19",
          "dependencies": [
            "openstack_compute_keypair_v2.test_keypair_all",
            "random_pet.vm_name"
          ]
        },
        {
          "index_key": 13,
          "schema_version": 0,
          "attributes": {
            "access_ip_v4": "15.204.73.139",
            "access_ip_v6": "[2604:2dc0:202:200::76e]",
            "admin_pass": null,
            "all_metadata": {},
            "all_tags": [],
            "availability_zone": "nova",
            "availability_zone_hints": null,
            "block_device": [],
            "config_drive": null,
            "flavor_id": "935f8fd3-701a-4d5d-9581-89b659a74878",
            "flavor_name": "d2-8",
            "floating_ip": null,
            "force_delete": false,
            "id": "2d031b54-48cb-4566-9d9d-6cfb3c1fde01",
            "image_id": "3d7a509f-fb3d-45da-9127-a0222fb129b2",
            "image_name": "Debian 10 - Docker",
            "key_pair": "test_keypair_all",
            "metadata": null,
            "name": "special-crow",
            "network": [
              {
                "access_network": false,
                "fixed_ip_v4": "15.204.73.139",
                "fixed_ip_v6": "[2604:2dc0:202:200::76e]",
                "floating_ip": "",
                "mac": "fa:16:3e:72:76:2e",
                "name": "Ext-Net",
                "port": "",
                "uuid": "9fb20ca2-e0ff-41f5-a33c-eb3993f2bc14"
              }
            ],
            "network_mode": null,
            "personality": [],
            "power_state": "active",
            "region": "US-WEST-OR-1",
            "scheduler_hints": [],
            "security_groups": [
              "default"
            ],
            "stop_before_destroy": false,
            "tags": null,
            "timeouts": null,
            "user_data": null,
            "vendor_options": [],
            "volume": []
          },
          "sensitive_attributes": [],
          "private": "eyJlMmJmYjczMC1lY2FhLTExZTYtOGY4OC0zNDM2M2JjN2M0YzAiOnsiY3JlYXRlIjoxODAwMDAwMDAwMDAwLCJkZWxldGUiOjE4MDAwMDAwMDAwMDAsInVwZGF0ZSI6MTgwMDAwMDAwMDAwMH19",
          "dependencies": [
            "openstack_compute_keypair_v2.test_keypair_all",
            "random_pet.vm_name"
          ]
        },
        {
          "index_key": 14,
          "schema_version": 0,
          "attributes": {
            "access_ip_v4": "40.160.4.51",
            "access_ip_v6": "[2604:2dc0:101:100::9]",
            "admin_pass": null,
            "all_metadata": {},
            "all_tags": [],
            "availability_zone": "nova",
            "availability_zone_hints": null,
            "block_device": [],
            "config_drive": null,
            "flavor_id": "9802d615-a353-4668-b581-7b2bdedbf54c",
            "flavor_name": "d2-8",
            "floating_ip": null,
            "force_delete": false,
            "id": "92d9fbe3-4fe8-4730-8ca9-754a146d11b8",
            "image_id": "b5956725-6db3-4d62-8703-6d5af5ad3df2",
            "image_name": "Debian 10 - Docker",
            "key_pair": "test_keypair_all",
            "metadata": null,
            "name": "relaxed-meerkat",
            "network": [
              {
                "access_network": false,
                "fixed_ip_v4": "40.160.4.51",
                "fixed_ip_v6": "[2604:2dc0:101:100::9]",
                "floating_ip": "",
                "mac": "fa:16:3e:09:cf:32",
                "name": "Ext-Net",
                "port": "",
                "uuid": "b347ed75-8603-4ce0-a40c-c6c98a8820fc"
              }
            ],
            "network_mode": null,
            "personality": [],
            "power_state": "active",
            "region": "US-EAST-VA-1",
            "scheduler_hints": [],
            "security_groups": [
              "default"
            ],
            "stop_before_destroy": false,
            "tags": null,
            "timeouts": null,
            "user_data": null,
            "vendor_options": [],
            "volume": []
          },
          "sensitive_attributes": [],
          "private": "eyJlMmJmYjczMC1lY2FhLTExZTYtOGY4OC0zNDM2M2JjN2M0YzAiOnsiY3JlYXRlIjoxODAwMDAwMDAwMDAwLCJkZWxldGUiOjE4MDAwMDAwMDAwMDAsInVwZGF0ZSI6MTgwMDAwMDAwMDAwMH19",
          "dependencies": [
            "openstack_compute_keypair_v2.test_keypair_all",
            "random_pet.vm_name"
          ]
        },
        {
          "index_key": 15,
          "schema_version": 0,
          "attributes": {
            "access_ip_v4": "15.204.79.28",
            "access_ip_v6": "[2604:2dc0:202:200::4dc]",
            "admin_pass": null,
            "all_metadata": {},
            "all_tags": [],
            "availability_zone": "nova",
            "availability_zone_hints": null,
            "block_device": [],
            "config_drive": null,
            "flavor_id": "935f8fd3-701a-4d5d-9581-89b659a74878",
            "flavor_name": "d2-8",
            "floating_ip": null,
            "force_delete": false,
            "id": "66827c37-c321-46ba-8fb5-8fb4b054121d",
            "image_id": "3d7a509f-fb3d-45da-9127-a0222fb129b2",
            "image_name": "Debian 10 - Docker",
            "key_pair": "test_keypair_all",
            "metadata": null,
            "name": "active-lab",
            "network": [
              {
                "access_network": false,
                "fixed_ip_v4": "15.204.79.28",
                "fixed_ip_v6": "[2604:2dc0:202:200::4dc]",
                "floating_ip": "",
                "mac": "fa:16:3e:06:73:b1",
                "name": "Ext-Net",
                "port": "",
                "uuid": "9fb20ca2-e0ff-41f5-a33c-eb3993f2bc14"
              }
            ],
            "network_mode": null,
            "personality": [],
            "power_state": "active",
            "region": "US-WEST-OR-1",
            "scheduler_hints": [],
            "security_groups": [
              "default"
            ],
            "stop_before_destroy": false,
            "tags": null,
            "timeouts": null,
            "user_data": null,
            "vendor_options": [],
            "volume": []
          },
          "sensitive_attributes": [],
          "private": "eyJlMmJmYjczMC1lY2FhLTExZTYtOGY4OC0zNDM2M2JjN2M0YzAiOnsiY3JlYXRlIjoxODAwMDAwMDAwMDAwLCJkZWxldGUiOjE4MDAwMDAwMDAwMDAsInVwZGF0ZSI6MTgwMDAwMDAwMDAwMH19",
          "dependencies": [
            "openstack_compute_keypair_v2.test_keypair_all",
            "random_pet.vm_name"
          ]
        },
        {
          "index_key": 16,
          "schema_version": 0,
          "attributes": {
            "access_ip_v4": "40.160.4.114",
            "access_ip_v6": "[2604:2dc0:101:100::c5e]",
            "admin_pass": null,
            "all_metadata": {},
            "all_tags": [],
            "availability_zone": "nova",
            "availability_zone_hints": null,
            "block_device": [],
            "config_drive": null,
            "flavor_id": "9802d615-a353-4668-b581-7b2bdedbf54c",
            "flavor_name": "d2-8",
            "floating_ip": null,
            "force_delete": false,
            "id": "05cc4311-a961-4dce-bd98-c579d661981e",
            "image_id": "b5956725-6db3-4d62-8703-6d5af5ad3df2",
            "image_name": "Debian 10 - Docker",
            "key_pair": "test_keypair_all",
            "metadata": null,
            "name": "adapted-vulture",
            "network": [
              {
                "access_network": false,
                "fixed_ip_v4": "40.160.4.114",
                "fixed_ip_v6": "[2604:2dc0:101:100::c5e]",
                "floating_ip": "",
                "mac": "fa:16:3e:f4:ee:af",
                "name": "Ext-Net",
                "port": "",
                "uuid": "b347ed75-8603-4ce0-a40c-c6c98a8820fc"
              }
            ],
            "network_mode": null,
            "personality": [],
            "power_state": "active",
            "region": "US-EAST-VA-1",
            "scheduler_hints": [],
            "security_groups": [
              "default"
            ],
            "stop_before_destroy": false,
            "tags": null,
            "timeouts": null,
            "user_data": null,
            "vendor_options": [],
            "volume": []
          },
          "sensitive_attributes": [],
          "private": "eyJlMmJmYjczMC1lY2FhLTExZTYtOGY4OC0zNDM2M2JjN2M0YzAiOnsiY3JlYXRlIjoxODAwMDAwMDAwMDAwLCJkZWxldGUiOjE4MDAwMDAwMDAwMDAsInVwZGF0ZSI6MTgwMDAwMDAwMDAwMH19",
          "dependencies": [
            "openstack_compute_keypair_v2.test_keypair_all",
            "random_pet.vm_name"
          ]
        },
        {
          "index_key": 17,
          "schema_version": 0,
          "attributes": {
            "access_ip_v4": "15.204.76.188",
            "access_ip_v6": "[2604:2dc0:202:200::3b9]",
            "admin_pass": null,
            "all_metadata": {},
            "all_tags": [],
            "availability_zone": "nova",
            "availability_zone_hints": null,
            "block_device": [],
            "config_drive": null,
            "flavor_id": "935f8fd3-701a-4d5d-9581-89b659a74878",
            "flavor_name": "d2-8",
            "floating_ip": null,
            "force_delete": false,
            "id": "1c0b3db9-630b-4d11-9918-6bf7fbf81405",
            "image_id": "3d7a509f-fb3d-45da-9127-a0222fb129b2",
            "image_name": "Debian 10 - Docker",
            "key_pair": "test_keypair_all",
            "metadata": null,
            "name": "comic-muskrat",
            "network": [
              {
                "access_network": false,
                "fixed_ip_v4": "15.204.76.188",
                "fixed_ip_v6": "[2604:2dc0:202:200::3b9]",
                "floating_ip": "",
                "mac": "fa:16:3e:08:17:01",
                "name": "Ext-Net",
                "port": "",
                "uuid": "9fb20ca2-e0ff-41f5-a33c-eb3993f2bc14"
              }
            ],
            "network_mode": null,
            "personality": [],
            "power_state": "active",
            "region": "US-WEST-OR-1",
            "scheduler_hints": [],
            "security_groups": [
              "default"
            ],
            "stop_before_destroy": false,
            "tags": null,
            "timeouts": null,
            "user_data": null,
            "vendor_options": [],
            "volume": []
          },
          "sensitive_attributes": [],
          "private": "eyJlMmJmYjczMC1lY2FhLTExZTYtOGY4OC0zNDM2M2JjN2M0YzAiOnsiY3JlYXRlIjoxODAwMDAwMDAwMDAwLCJkZWxldGUiOjE4MDAwMDAwMDAwMDAsInVwZGF0ZSI6MTgwMDAwMDAwMDAwMH19",
          "dependencies": [
            "openstack_compute_keypair_v2.test_keypair_all",
            "random_pet.vm_name"
          ]
        },
        {
          "index_key": 18,
          "schema_version": 0,
          "attributes": {
            "access_ip_v4": "40.160.5.211",
            "access_ip_v6": "[2604:2dc0:101:100::984]",
            "admin_pass": null,
            "all_metadata": {},
            "all_tags": [],
            "availability_zone": "nova",
            "availability_zone_hints": null,
            "block_device": [],
            "config_drive": null,
            "flavor_id": "9802d615-a353-4668-b581-7b2bdedbf54c",
            "flavor_name": "d2-8",
            "floating_ip": null,
            "force_delete": false,
            "id": "b40749a8-af15-49b1-9cda-d2e800b065e3",
            "image_id": "b5956725-6db3-4d62-8703-6d5af5ad3df2",
            "image_name": "Debian 10 - Docker",
            "key_pair": "test_keypair_all",
            "metadata": null,
            "name": "moved-toucan",
            "network": [
              {
                "access_network": false,
                "fixed_ip_v4": "40.160.5.211",
                "fixed_ip_v6": "[2604:2dc0:101:100::984]",
                "floating_ip": "",
                "mac": "fa:16:3e:ee:1c:57",
                "name": "Ext-Net",
                "port": "",
                "uuid": "b347ed75-8603-4ce0-a40c-c6c98a8820fc"
              }
            ],
            "network_mode": null,
            "personality": [],
            "power_state": "active",
            "region": "US-EAST-VA-1",
            "scheduler_hints": [],
            "security_groups": [
              "default"
            ],
            "stop_before_destroy": false,
            "tags": null,
            "timeouts": null,
            "user_data": null,
            "vendor_options": [],
            "volume": []
          },
          "sensitive_attributes": [],
          "private": "eyJlMmJmYjczMC1lY2FhLTExZTYtOGY4OC0zNDM2M2JjN2M0YzAiOnsiY3JlYXRlIjoxODAwMDAwMDAwMDAwLCJkZWxldGUiOjE4MDAwMDAwMDAwMDAsInVwZGF0ZSI6MTgwMDAwMDAwMDAwMH19",
          "dependencies": [
            "openstack_compute_keypair_v2.test_keypair_all",
            "random_pet.vm_name"
          ]
        },
        {
          "index_key": 19,
          "schema_version": 0,
          "attributes": {
            "access_ip_v4": "15.204.77.179",
            "access_ip_v6": "[2604:2dc0:202:200::660]",
            "admin_pass": null,
            "all_metadata": {},
            "all_tags": [],
            "availability_zone": "nova",
            "availability_zone_hints": null,
            "block_device": [],
            "config_drive": null,
            "flavor_id": "935f8fd3-701a-4d5d-9581-89b659a74878",
            "flavor_name": "d2-8",
            "floating_ip": null,
            "force_delete": false,
            "id": "8e650bc5-30e6-4e96-bdff-b0b41c69b368",
            "image_id": "3d7a509f-fb3d-45da-9127-a0222fb129b2",
            "image_name": "Debian 10 - Docker",
            "key_pair": "test_keypair_all",
            "metadata": null,
            "name": "guiding-seahorse",
            "network": [
              {
                "access_network": false,
                "fixed_ip_v4": "15.204.77.179",
                "fixed_ip_v6": "[2604:2dc0:202:200::660]",
                "floating_ip": "",
                "mac": "fa:16:3e:1f:ef:f9",
                "name": "Ext-Net",
                "port": "",
                "uuid": "9fb20ca2-e0ff-41f5-a33c-eb3993f2bc14"
              }
            ],
            "network_mode": null,
            "personality": [],
            "power_state": "active",
            "region": "US-WEST-OR-1",
            "scheduler_hints": [],
            "security_groups": [
              "default"
            ],
            "stop_before_destroy": false,
            "tags": null,
            "timeouts": null,
            "user_data": null,
            "vendor_options": [],
            "volume": []
          },
          "sensitive_attributes": [],
          "private": "eyJlMmJmYjczMC1lY2FhLTExZTYtOGY4OC0zNDM2M2JjN2M0YzAiOnsiY3JlYXRlIjoxODAwMDAwMDAwMDAwLCJkZWxldGUiOjE4MDAwMDAwMDAwMDAsInVwZGF0ZSI6MTgwMDAwMDAwMDAwMH19",
          "dependencies": [
            "openstack_compute_keypair_v2.test_keypair_all",
            "random_pet.vm_name"
          ]
        }
      ]
    },
    {
      "mode": "managed",
      "type": "openstack_compute_keypair_v2",
      "name": "test_keypair_all",
      "provider": "provider[\"registry.terraform.io/terraform-provider-openstack/openstack\"]",
      "instances": [
        {
          "index_key": 0,
          "schema_version": 0,
          "attributes": {
            "fingerprint": "80:56:51:2b:55:c9:8b:7d:17:91:5c:b0:02:0a:ee:f7",
            "id": "test_keypair_all",
            "name": "test_keypair_all",
            "private_key": "",
            "public_key": "ssh-rsa AAAAB3NzaC1yc2EAAAADAQABAAACAQC++LuyXlOfiEsu3WOFkpSK0O07tG2qVg1h6UhLCMGDL4V+1TI1ic/muJKw17MCyqWq8YyipcAp8ftB0bMQ9ILfDgoUECq2HK1WJjQ1gnjf20Q1GalF8aBNAJ0omFG3NYFkpNt9nq6nzGjvYID+5cMUMIBOaaiYgBJ5+ruGtZ7mVlcyHmxn6ISFc1wknRvqhzK4rZSoKPQEqIgp6CmpmhpH+fvhwdJOWFZuKNs2rdICr1VbuaB7Kjp4qVYkqKFjRW39JYtOaJ7TrMDmj+0yMdTxKZhpPGQJUzN8ByauORQltFLcJuCMAwkbaCJWMAKl/x+oOEc0defjR3mrs9/1ONOUCld5oDKGWvU+IfA/clxxqmDWaVsekuXr5F+AyKSRVJgysf21ony+AsyWaF9ydRe1jFKHFyJhp5m7hUWc+W76slPkPQCn1jiCqNihKrnh2npc8MenmkK+J6rjCj9H3tcXVPzp+yEBDYOeDLw7DS6/u+M8c+DVFh1DgWWHrVYCIQEQnK2axliIgu25BZZjHxdpJsq4+SNZaRy6dm1pUbpAu+nT4pu+ISRKYIRskxTGAmFzGiIDe+i8njxDARjokHBvVZvWWUl2C/NxcTEEF+v3pIiMnB8/BXUEBPzyJuM0VF9KrcijiltleBoTUYzpf8H4sVMoga2g0jalDFuDjXLAOQ== anass.segh97@gmail.com\n",
            "region": "US-EAST-VA-1",
            "value_specs": null
          },
          "sensitive_attributes": [],
          "private": "bnVsbA=="
        },
        {
          "index_key": 1,
          "schema_version": 0,
          "attributes": {
            "fingerprint": "80:56:51:2b:55:c9:8b:7d:17:91:5c:b0:02:0a:ee:f7",
            "id": "test_keypair_all",
            "name": "test_keypair_all",
            "private_key": "",
            "public_key": "ssh-rsa AAAAB3NzaC1yc2EAAAADAQABAAACAQC++LuyXlOfiEsu3WOFkpSK0O07tG2qVg1h6UhLCMGDL4V+1TI1ic/muJKw17MCyqWq8YyipcAp8ftB0bMQ9ILfDgoUECq2HK1WJjQ1gnjf20Q1GalF8aBNAJ0omFG3NYFkpNt9nq6nzGjvYID+5cMUMIBOaaiYgBJ5+ruGtZ7mVlcyHmxn6ISFc1wknRvqhzK4rZSoKPQEqIgp6CmpmhpH+fvhwdJOWFZuKNs2rdICr1VbuaB7Kjp4qVYkqKFjRW39JYtOaJ7TrMDmj+0yMdTxKZhpPGQJUzN8ByauORQltFLcJuCMAwkbaCJWMAKl/x+oOEc0defjR3mrs9/1ONOUCld5oDKGWvU+IfA/clxxqmDWaVsekuXr5F+AyKSRVJgysf21ony+AsyWaF9ydRe1jFKHFyJhp5m7hUWc+W76slPkPQCn1jiCqNihKrnh2npc8MenmkK+J6rjCj9H3tcXVPzp+yEBDYOeDLw7DS6/u+M8c+DVFh1DgWWHrVYCIQEQnK2axliIgu25BZZjHxdpJsq4+SNZaRy6dm1pUbpAu+nT4pu+ISRKYIRskxTGAmFzGiIDe+i8njxDARjokHBvVZvWWUl2C/NxcTEEF+v3pIiMnB8/BXUEBPzyJuM0VF9KrcijiltleBoTUYzpf8H4sVMoga2g0jalDFuDjXLAOQ== anass.segh97@gmail.com\n",
            "region": "US-WEST-OR-1",
            "value_specs": null
          },
          "sensitive_attributes": [],
          "private": "bnVsbA=="
        }
      ]
    },
    {
      "mode": "managed",
      "type": "random_pet",
      "name": "vm_name",
      "provider": "provider[\"registry.terraform.io/hashicorp/random\"]",
      "instances": [
        {
          "index_key": 0,
          "schema_version": 0,
          "attributes": {
            "id": "living-marmot",
            "keepers": null,
            "length": 2,
            "prefix": null,
            "separator": "-"
          },
          "sensitive_attributes": []
        },
        {
          "index_key": 1,
          "schema_version": 0,
          "attributes": {
            "id": "legible-lacewing",
            "keepers": null,
            "length": 2,
            "prefix": null,
            "separator": "-"
          },
          "sensitive_attributes": []
        },
        {
          "index_key": 2,
          "schema_version": 0,
          "attributes": {
            "id": "correct-chimp",
            "keepers": null,
            "length": 2,
            "prefix": null,
            "separator": "-"
          },
          "sensitive_attributes": []
        },
        {
          "index_key": 3,
          "schema_version": 0,
          "attributes": {
            "id": "aware-mongrel",
            "keepers": null,
            "length": 2,
            "prefix": null,
            "separator": "-"
          },
          "sensitive_attributes": []
        },
        {
          "index_key": 4,
          "schema_version": 0,
          "attributes": {
            "id": "intense-killdeer",
            "keepers": null,
            "length": 2,
            "prefix": null,
            "separator": "-"
          },
          "sensitive_attributes": []
        },
        {
          "index_key": 5,
          "schema_version": 0,
          "attributes": {
            "id": "touched-pony",
            "keepers": null,
            "length": 2,
            "prefix": null,
            "separator": "-"
          },
          "sensitive_attributes": []
        },
        {
          "index_key": 6,
          "schema_version": 0,
          "attributes": {
            "id": "ethical-dove",
            "keepers": null,
            "length": 2,
            "prefix": null,
            "separator": "-"
          },
          "sensitive_attributes": []
        },
        {
          "index_key": 7,
          "schema_version": 0,
          "attributes": {
            "id": "supreme-bat",
            "keepers": null,
            "length": 2,
            "prefix": null,
            "separator": "-"
          },
          "sensitive_attributes": []
        },
        {
          "index_key": 8,
          "schema_version": 0,
          "attributes": {
            "id": "still-egret",
            "keepers": null,
            "length": 2,
            "prefix": null,
            "separator": "-"
          },
          "sensitive_attributes": []
        },
        {
          "index_key": 9,
          "schema_version": 0,
          "attributes": {
            "id": "clever-raccoon",
            "keepers": null,
            "length": 2,
            "prefix": null,
            "separator": "-"
          },
          "sensitive_attributes": []
        },
        {
          "index_key": 10,
          "schema_version": 0,
          "attributes": {
            "id": "current-pigeon",
            "keepers": null,
            "length": 2,
            "prefix": null,
            "separator": "-"
          },
          "sensitive_attributes": []
        },
        {
          "index_key": 11,
          "schema_version": 0,
          "attributes": {
            "id": "grateful-mudfish",
            "keepers": null,
            "length": 2,
            "prefix": null,
            "separator": "-"
          },
          "sensitive_attributes": []
        },
        {
          "index_key": 12,
          "schema_version": 0,
          "attributes": {
            "id": "intense-bass",
            "keepers": null,
            "length": 2,
            "prefix": null,
            "separator": "-"
          },
          "sensitive_attributes": []
        },
        {
          "index_key": 13,
          "schema_version": 0,
          "attributes": {
            "id": "special-crow",
            "keepers": null,
            "length": 2,
            "prefix": null,
            "separator": "-"
          },
          "sensitive_attributes": []
        },
        {
          "index_key": 14,
          "schema_version": 0,
          "attributes": {
            "id": "relaxed-meerkat",
            "keepers": null,
            "length": 2,
            "prefix": null,
            "separator": "-"
          },
          "sensitive_attributes": []
        },
        {
          "index_key": 15,
          "schema_version": 0,
          "attributes": {
            "id": "active-lab",
            "keepers": null,
            "length": 2,
            "prefix": null,
            "separator": "-"
          },
          "sensitive_attributes": []
        },
        {
          "index_key": 16,
          "schema_version": 0,
          "attributes": {
            "id": "adapted-vulture",
            "keepers": null,
            "length": 2,
            "prefix": null,
            "separator": "-"
          },
          "sensitive_attributes": []
        },
        {
          "index_key": 17,
          "schema_version": 0,
          "attributes": {
            "id": "comic-muskrat",
            "keepers": null,
            "length": 2,
            "prefix": null,
            "separator": "-"
          },
          "sensitive_attributes": []
        },
        {
          "index_key": 18,
          "schema_version": 0,
          "attributes": {
            "id": "moved-toucan",
            "keepers": null,
            "length": 2,
            "prefix": null,
            "separator": "-"
          },
          "sensitive_attributes": []
        },
        {
          "index_key": 19,
          "schema_version": 0,
          "attributes": {
            "id": "guiding-seahorse",
            "keepers": null,
            "length": 2,
            "prefix": null,
            "separator": "-"
          },
          "sensitive_attributes": []
        }
      ]
    }
  ],
  "check_results": null
}
